
Microsoft Visual Studio Solution File, Format Version 12.00
# Visual Studio Version 17
VisualStudioVersion = 17.2.32616.157
MinimumVisualStudioVersion = 10.0.40219.1
Project("{FAE04EC0-301F-11D3-BF4B-00C04F79EFBC}") = "GameOfLife", "GameOfLife\GameOfLife.csproj", "{DE2EE29E-4830-46A9-AFCA-54F38797E06B}"
EndProject
Global
	GlobalSection(SolutionConfigurationPlatforms) = preSolution
		Debug|Any CPU = Debug|Any CPU
		Release|Any CPU = Release|Any CPU
	EndGlobalSection
	GlobalSection(ProjectConfigurationPlatforms) = postSolution
		{DE2EE29E-4830-46A9-AFCA-54F38797E06B}.Debug|Any CPU.ActiveCfg = Debug|Any CPU
		{DE2EE29E-4830-46A9-AFCA-54F38797E06B}.Debug|Any CPU.Build.0 = Debug|Any CPU
		{DE2EE29E-4830-46A9-AFCA-54F38797E06B}.Release|Any CPU.ActiveCfg = Release|Any CPU
		{DE2EE29E-4830-46A9-AFCA-54F38797E06B}.Release|Any CPU.Build.0 = Release|Any CPU
	EndGlobalSection
	GlobalSection(SolutionProperties) = preSolution
		HideSolutionNode = FALSE
	EndGlobalSection
	GlobalSection(ExtensibilityGlobals) = postSolution
		SolutionGuid = {93E86784-48CC-4F14-A187-9F2510B1E916}
	EndGlobalSection
EndGlobal
